
Microsoft Visual Studio Solution File, Format Version 12.00
# Visual Studio 14
VisualStudioVersion = 14.0.25420.1
MinimumVisualStudioVersion = 10.0.40219.1
Project("{2150E333-8FDC-42A3-9474-1A3956D46DE8}") = "Business", "Business", "{B5D3C6A4-E894-4654-AE44-1D657418065B}"
EndProject
Project("{FAE04EC0-301F-11D3-BF4B-00C04F79EFBC}") = "Business.Entities", "Business.Entities\Business.Entities.csproj", "{CDAE9EB3-D124-411E-ADCB-3ADAC4867FB7}"
EndProject
Project("{FAE04EC0-301F-11D3-BF4B-00C04F79EFBC}") = "Businnes.Services", "Businnes.Services\Businnes.Services.csproj", "{7398371A-BC68-4589-BBC7-42FBD3C52322}"
EndProject
Project("{2150E333-8FDC-42A3-9474-1A3956D46DE8}") = "Client", "Client", "{AEA917DC-FC41-4AE5-88E9-9E8F7D691AD9}"
EndProject
Project("{FAE04EC0-301F-11D3-BF4B-00C04F79EFBC}") = "Client.Contracts", "Client.Contracts\Client.Contracts.csproj", "{BB13FAE1-B0C2-4C6B-8C79-40E274880173}"
EndProject
Project("{FAE04EC0-301F-11D3-BF4B-00C04F79EFBC}") = "Client.Entities", "Client.Entities\Client.Entities.csproj", "{7B7AF7D8-05FF-450C-B9F3-0918C1DFB61A}"
EndProject
Project("{FAE04EC0-301F-11D3-BF4B-00C04F79EFBC}") = "Client.Proxies", "Client.Proxies\Client.Proxies.csproj", "{8BDE761C-CD86-4654-AA3A-D114EBF2F117}"
EndProject
Project("{2150E333-8FDC-42A3-9474-1A3956D46DE8}") = "NewFolder1", "NewFolder1", "{9081C5C1-D5F6-43C2-95FB-BFDB5A7429DF}"
EndProject
Project("{2150E333-8FDC-42A3-9474-1A3956D46DE8}") = "Core", "Core", "{43948DBB-502D-4446-9BF4-A942F0AD214A}"
EndProject
Project("{FAE04EC0-301F-11D3-BF4B-00C04F79EFBC}") = "Core.Common", "Core.Common\Core.Common.csproj", "{6F897CE1-DAC2-4984-AA6A-6F24183A4476}"
EndProject
Project("{2150E333-8FDC-42A3-9474-1A3956D46DE8}") = "Data Access", "Data Access", "{65C74C1C-8194-4B06-8783-77E18A88B2D9}"
EndProject
Project("{FAE04EC0-301F-11D3-BF4B-00C04F79EFBC}") = "Data.Core", "Data.Core\Data.Core.csproj", "{D36E7003-6BE3-4B20-8182-776BF541173B}"
EndProject
Project("{2150E333-8FDC-42A3-9474-1A3956D46DE8}") = "Host", "Host", "{8C148C8E-260C-41AE-A355-EF7C5E748852}"
EndProject
Project("{2150E333-8FDC-42A3-9474-1A3956D46DE8}") = "Test", "Test", "{14ECE9AE-77B7-463A-9E22-847005431E65}"
EndProject
Project("{FAE04EC0-301F-11D3-BF4B-00C04F79EFBC}") = "Tests.Proxies", "Tests.Proxies\Tests.Proxies.csproj", "{737D781E-2626-4811-979C-860A2CE0B73D}"
EndProject
Project("{FAE04EC0-301F-11D3-BF4B-00C04F79EFBC}") = "WCF.DependencyInjection.Web", "WCF.DependencyInjection.Web\WCF.DependencyInjection.Web.csproj", "{701B1DFB-FEE8-418E-ACA1-786B31B24548}"
EndProject
Global
	GlobalSection(SolutionConfigurationPlatforms) = preSolution
		Debug|Any CPU = Debug|Any CPU
		Release|Any CPU = Release|Any CPU
	EndGlobalSection
	GlobalSection(ProjectConfigurationPlatforms) = postSolution
		{CDAE9EB3-D124-411E-ADCB-3ADAC4867FB7}.Debug|Any CPU.ActiveCfg = Debug|Any CPU
		{CDAE9EB3-D124-411E-ADCB-3ADAC4867FB7}.Debug|Any CPU.Build.0 = Debug|Any CPU
		{CDAE9EB3-D124-411E-ADCB-3ADAC4867FB7}.Release|Any CPU.ActiveCfg = Release|Any CPU
		{CDAE9EB3-D124-411E-ADCB-3ADAC4867FB7}.Release|Any CPU.Build.0 = Release|Any CPU
		{7398371A-BC68-4589-BBC7-42FBD3C52322}.Debug|Any CPU.ActiveCfg = Debug|Any CPU
		{7398371A-BC68-4589-BBC7-42FBD3C52322}.Debug|Any CPU.Build.0 = Debug|Any CPU
		{7398371A-BC68-4589-BBC7-42FBD3C52322}.Release|Any CPU.ActiveCfg = Release|Any CPU
		{7398371A-BC68-4589-BBC7-42FBD3C52322}.Release|Any CPU.Build.0 = Release|Any CPU
		{BB13FAE1-B0C2-4C6B-8C79-40E274880173}.Debug|Any CPU.ActiveCfg = Debug|Any CPU
		{BB13FAE1-B0C2-4C6B-8C79-40E274880173}.Debug|Any CPU.Build.0 = Debug|Any CPU
		{BB13FAE1-B0C2-4C6B-8C79-40E274880173}.Release|Any CPU.ActiveCfg = Release|Any CPU
		{BB13FAE1-B0C2-4C6B-8C79-40E274880173}.Release|Any CPU.Build.0 = Release|Any CPU
		{7B7AF7D8-05FF-450C-B9F3-0918C1DFB61A}.Debug|Any CPU.ActiveCfg = Debug|Any CPU
		{7B7AF7D8-05FF-450C-B9F3-0918C1DFB61A}.Debug|Any CPU.Build.0 = Debug|Any CPU
		{7B7AF7D8-05FF-450C-B9F3-0918C1DFB61A}.Release|Any CPU.ActiveCfg = Release|Any CPU
		{7B7AF7D8-05FF-450C-B9F3-0918C1DFB61A}.Release|Any CPU.Build.0 = Release|Any CPU
		{8BDE761C-CD86-4654-AA3A-D114EBF2F117}.Debug|Any CPU.ActiveCfg = Debug|Any CPU
		{8BDE761C-CD86-4654-AA3A-D114EBF2F117}.Debug|Any CPU.Build.0 = Debug|Any CPU
		{8BDE761C-CD86-4654-AA3A-D114EBF2F117}.Release|Any CPU.ActiveCfg = Release|Any CPU
		{8BDE761C-CD86-4654-AA3A-D114EBF2F117}.Release|Any CPU.Build.0 = Release|Any CPU
		{6F897CE1-DAC2-4984-AA6A-6F24183A4476}.Debug|Any CPU.ActiveCfg = Debug|Any CPU
		{6F897CE1-DAC2-4984-AA6A-6F24183A4476}.Debug|Any CPU.Build.0 = Debug|Any CPU
		{6F897CE1-DAC2-4984-AA6A-6F24183A4476}.Release|Any CPU.ActiveCfg = Release|Any CPU
		{6F897CE1-DAC2-4984-AA6A-6F24183A4476}.Release|Any CPU.Build.0 = Release|Any CPU
		{D36E7003-6BE3-4B20-8182-776BF541173B}.Debug|Any CPU.ActiveCfg = Debug|Any CPU
		{D36E7003-6BE3-4B20-8182-776BF541173B}.Debug|Any CPU.Build.0 = Debug|Any CPU
		{D36E7003-6BE3-4B20-8182-776BF541173B}.Release|Any CPU.ActiveCfg = Release|Any CPU
		{D36E7003-6BE3-4B20-8182-776BF541173B}.Release|Any CPU.Build.0 = Release|Any CPU
		{737D781E-2626-4811-979C-860A2CE0B73D}.Debug|Any CPU.ActiveCfg = Debug|Any CPU
		{737D781E-2626-4811-979C-860A2CE0B73D}.Debug|Any CPU.Build.0 = Debug|Any CPU
		{737D781E-2626-4811-979C-860A2CE0B73D}.Release|Any CPU.ActiveCfg = Release|Any CPU
		{737D781E-2626-4811-979C-860A2CE0B73D}.Release|Any CPU.Build.0 = Release|Any CPU
		{701B1DFB-FEE8-418E-ACA1-786B31B24548}.Debug|Any CPU.ActiveCfg = Debug|Any CPU
		{701B1DFB-FEE8-418E-ACA1-786B31B24548}.Debug|Any CPU.Build.0 = Debug|Any CPU
		{701B1DFB-FEE8-418E-ACA1-786B31B24548}.Release|Any CPU.ActiveCfg = Release|Any CPU
		{701B1DFB-FEE8-418E-ACA1-786B31B24548}.Release|Any CPU.Build.0 = Release|Any CPU
	EndGlobalSection
	GlobalSection(SolutionProperties) = preSolution
		HideSolutionNode = FALSE
	EndGlobalSection
	GlobalSection(NestedProjects) = preSolution
		{CDAE9EB3-D124-411E-ADCB-3ADAC4867FB7} = {B5D3C6A4-E894-4654-AE44-1D657418065B}
		{7398371A-BC68-4589-BBC7-42FBD3C52322} = {B5D3C6A4-E894-4654-AE44-1D657418065B}
		{BB13FAE1-B0C2-4C6B-8C79-40E274880173} = {AEA917DC-FC41-4AE5-88E9-9E8F7D691AD9}
		{7B7AF7D8-05FF-450C-B9F3-0918C1DFB61A} = {AEA917DC-FC41-4AE5-88E9-9E8F7D691AD9}
		{8BDE761C-CD86-4654-AA3A-D114EBF2F117} = {AEA917DC-FC41-4AE5-88E9-9E8F7D691AD9}
		{6F897CE1-DAC2-4984-AA6A-6F24183A4476} = {43948DBB-502D-4446-9BF4-A942F0AD214A}
		{D36E7003-6BE3-4B20-8182-776BF541173B} = {65C74C1C-8194-4B06-8783-77E18A88B2D9}
		{737D781E-2626-4811-979C-860A2CE0B73D} = {14ECE9AE-77B7-463A-9E22-847005431E65}
		{701B1DFB-FEE8-418E-ACA1-786B31B24548} = {8C148C8E-260C-41AE-A355-EF7C5E748852}
	EndGlobalSection
EndGlobal
